
Microsoft Visual Studio Solution File, Format Version 12.00
# Visual Studio 15
Project("{FAE04EC0-301F-11D3-BF4B-00C04F79EFBC}") = "TestCompetenceNeoSynergix", "TestCompetenceNeoSynergix\TestCompetenceNeoSynergix.csproj", "{1B0DDA45-4862-49C8-A9D8-82306DEC1F97}"
EndProject
Global
	GlobalSection(SolutionConfigurationPlatforms) = preSolution
		Debug|Any CPU = Debug|Any CPU
		Release|Any CPU = Release|Any CPU
	EndGlobalSection
	GlobalSection(ProjectConfigurationPlatforms) = postSolution
		{1B0DDA45-4862-49C8-A9D8-82306DEC1F97}.Debug|Any CPU.ActiveCfg = Debug|Any CPU
		{1B0DDA45-4862-49C8-A9D8-82306DEC1F97}.Debug|Any CPU.Build.0 = Debug|Any CPU
		{1B0DDA45-4862-49C8-A9D8-82306DEC1F97}.Release|Any CPU.ActiveCfg = Release|Any CPU
		{1B0DDA45-4862-49C8-A9D8-82306DEC1F97}.Release|Any CPU.Build.0 = Release|Any CPU
	EndGlobalSection
EndGlobal
